
Microsoft Visual Studio Solution File, Format Version 12.00
# Visual Studio Version 17
VisualStudioVersion = 17.14.36414.22 d17.14
MinimumVisualStudioVersion = 10.0.40219.1
Project("{FAE04EC0-301F-11D3-BF4B-00C04F79EFBC}") = "ConsoleApp7 Lab 7", "ConsoleApp7 Lab 7\ConsoleApp7 Lab 7.csproj", "{39044FE1-29D6-4477-A5F7-43A07C3DE33A}"
EndProject
Global
	GlobalSection(SolutionConfigurationPlatforms) = preSolution
		Debug|Any CPU = Debug|Any CPU
		Release|Any CPU = Release|Any CPU
	EndGlobalSection
	GlobalSection(ProjectConfigurationPlatforms) = postSolution
		{39044FE1-29D6-4477-A5F7-43A07C3DE33A}.Debug|Any CPU.ActiveCfg = Debug|Any CPU
		{39044FE1-29D6-4477-A5F7-43A07C3DE33A}.Debug|Any CPU.Build.0 = Debug|Any CPU
		{39044FE1-29D6-4477-A5F7-43A07C3DE33A}.Release|Any CPU.ActiveCfg = Release|Any CPU
		{39044FE1-29D6-4477-A5F7-43A07C3DE33A}.Release|Any CPU.Build.0 = Release|Any CPU
	EndGlobalSection
	GlobalSection(SolutionProperties) = preSolution
		HideSolutionNode = FALSE
	EndGlobalSection
	GlobalSection(ExtensibilityGlobals) = postSolution
		SolutionGuid = {DC3AE345-1491-4FBC-BF0F-F04DA6E11C37}
	EndGlobalSection
EndGlobal
