
Microsoft Visual Studio Solution File, Format Version 12.00
# Visual Studio Version 17
VisualStudioVersion = 17.14.36414.22 d17.14
MinimumVisualStudioVersion = 10.0.40219.1
Project("{FAE04EC0-301F-11D3-BF4B-00C04F79EFBC}") = "ConsoleApp1 (lab 1)", "ConsoleApp1 (lab 1)\ConsoleApp1 (lab 1).csproj", "{006FF2F7-9DF3-4162-9749-4A4740B9CDA5}"
EndProject
Global
	GlobalSection(SolutionConfigurationPlatforms) = preSolution
		Debug|Any CPU = Debug|Any CPU
		Release|Any CPU = Release|Any CPU
	EndGlobalSection
	GlobalSection(ProjectConfigurationPlatforms) = postSolution
		{006FF2F7-9DF3-4162-9749-4A4740B9CDA5}.Debug|Any CPU.ActiveCfg = Debug|Any CPU
		{006FF2F7-9DF3-4162-9749-4A4740B9CDA5}.Debug|Any CPU.Build.0 = Debug|Any CPU
		{006FF2F7-9DF3-4162-9749-4A4740B9CDA5}.Release|Any CPU.ActiveCfg = Release|Any CPU
		{006FF2F7-9DF3-4162-9749-4A4740B9CDA5}.Release|Any CPU.Build.0 = Release|Any CPU
	EndGlobalSection
	GlobalSection(SolutionProperties) = preSolution
		HideSolutionNode = FALSE
	EndGlobalSection
	GlobalSection(ExtensibilityGlobals) = postSolution
		SolutionGuid = {27911D26-FF45-47C5-80EB-B8ADAA547E65}
	EndGlobalSection
EndGlobal
