
Microsoft Visual Studio Solution File, Format Version 12.00
# Visual Studio Version 17
VisualStudioVersion = 17.14.36414.22 d17.14
MinimumVisualStudioVersion = 10.0.40219.1
Project("{FAE04EC0-301F-11D3-BF4B-00C04F79EFBC}") = "FileHandling", "FileHandling\FileHandling.csproj", "{3FC3EE93-5B74-46E7-9DD5-839D63079771}"
EndProject
Global
	GlobalSection(SolutionConfigurationPlatforms) = preSolution
		Debug|Any CPU = Debug|Any CPU
		Release|Any CPU = Release|Any CPU
	EndGlobalSection
	GlobalSection(ProjectConfigurationPlatforms) = postSolution
		{3FC3EE93-5B74-46E7-9DD5-839D63079771}.Debug|Any CPU.ActiveCfg = Debug|Any CPU
		{3FC3EE93-5B74-46E7-9DD5-839D63079771}.Debug|Any CPU.Build.0 = Debug|Any CPU
		{3FC3EE93-5B74-46E7-9DD5-839D63079771}.Release|Any CPU.ActiveCfg = Release|Any CPU
		{3FC3EE93-5B74-46E7-9DD5-839D63079771}.Release|Any CPU.Build.0 = Release|Any CPU
	EndGlobalSection
	GlobalSection(SolutionProperties) = preSolution
		HideSolutionNode = FALSE
	EndGlobalSection
	GlobalSection(ExtensibilityGlobals) = postSolution
		SolutionGuid = {C75439ED-5663-4BEE-89FB-013607C783B6}
	EndGlobalSection
EndGlobal
