
Microsoft Visual Studio Solution File, Format Version 12.00
# Visual Studio Version 17
VisualStudioVersion = 17.14.36414.22 d17.14
MinimumVisualStudioVersion = 10.0.40219.1
Project("{FAE04EC0-301F-11D3-BF4B-00C04F79EFBC}") = "ConsoleApp6 lab 6", "ConsoleApp6 lab 6\ConsoleApp6 lab 6.csproj", "{809D27B5-E965-4970-8A66-D7CD76657C71}"
EndProject
Global
	GlobalSection(SolutionConfigurationPlatforms) = preSolution
		Debug|Any CPU = Debug|Any CPU
		Release|Any CPU = Release|Any CPU
	EndGlobalSection
	GlobalSection(ProjectConfigurationPlatforms) = postSolution
		{809D27B5-E965-4970-8A66-D7CD76657C71}.Debug|Any CPU.ActiveCfg = Debug|Any CPU
		{809D27B5-E965-4970-8A66-D7CD76657C71}.Debug|Any CPU.Build.0 = Debug|Any CPU
		{809D27B5-E965-4970-8A66-D7CD76657C71}.Release|Any CPU.ActiveCfg = Release|Any CPU
		{809D27B5-E965-4970-8A66-D7CD76657C71}.Release|Any CPU.Build.0 = Release|Any CPU
	EndGlobalSection
	GlobalSection(SolutionProperties) = preSolution
		HideSolutionNode = FALSE
	EndGlobalSection
	GlobalSection(ExtensibilityGlobals) = postSolution
		SolutionGuid = {2FEFA967-92DE-4481-B748-2511CEBC6DE3}
	EndGlobalSection
EndGlobal
